
Microsoft Visual Studio Solution File, Format Version 12.00
# Visual Studio Version 16
VisualStudioVersion = 16.0.31613.86
MinimumVisualStudioVersion = 10.0.40219.1
Project("{8BC9CEB8-8B4A-11D0-8D11-00A0C91BC942}") = "Catch", "Catch\Catch.vcxproj", "{2AF6D4E2-94DE-4E54-AC03-0D5A6B8A14BF}"
EndProject
Global
	GlobalSection(SolutionConfigurationPlatforms) = preSolution
		Debug|x64 = Debug|x64
		Debug|x86 = Debug|x86
		Release|x64 = Release|x64
		Release|x86 = Release|x86
	EndGlobalSection
	GlobalSection(ProjectConfigurationPlatforms) = postSolution
		{2AF6D4E2-94DE-4E54-AC03-0D5A6B8A14BF}.Debug|x64.ActiveCfg = Debug|x64
		{2AF6D4E2-94DE-4E54-AC03-0D5A6B8A14BF}.Debug|x64.Build.0 = Debug|x64
		{2AF6D4E2-94DE-4E54-AC03-0D5A6B8A14BF}.Debug|x86.ActiveCfg = Debug|Win32
		{2AF6D4E2-94DE-4E54-AC03-0D5A6B8A14BF}.Debug|x86.Build.0 = Debug|Win32
		{2AF6D4E2-94DE-4E54-AC03-0D5A6B8A14BF}.Release|x64.ActiveCfg = Release|x64
		{2AF6D4E2-94DE-4E54-AC03-0D5A6B8A14BF}.Release|x64.Build.0 = Release|x64
		{2AF6D4E2-94DE-4E54-AC03-0D5A6B8A14BF}.Release|x86.ActiveCfg = Release|Win32
		{2AF6D4E2-94DE-4E54-AC03-0D5A6B8A14BF}.Release|x86.Build.0 = Release|Win32
	EndGlobalSection
	GlobalSection(SolutionProperties) = preSolution
		HideSolutionNode = FALSE
	EndGlobalSection
	GlobalSection(ExtensibilityGlobals) = postSolution
		SolutionGuid = {A6C8840A-74FE-4DB0-9BFC-5DF5573B8DA9}
	EndGlobalSection
EndGlobal
